PODS:
  - AFNetworking (2.5.4):
    - AFNetworking/NSURLConnection (= 2.5.4)
    - AFNetworking/NSURLSession (= 2.5.4)
    - AFNetworking/Reachability (= 2.5.4)
    - AFNetworking/Security (= 2.5.4)
    - AFNetworking/Serialization (= 2.5.4)
    - AFNetworking/UIKit (= 2.5.4)
  - AFNetworking/NSURLConnection (2.5.4):
    - AFNetworking/Reachability
    - AFNetworking/Security
    - AFNetworking/Serialization
  - AFNetworking/NSURLSession (2.5.4):
    - AFNetworking/Reachability
    - AFNetworking/Security
    - AFNetworking/Serialization
  - AFNetworking/Reachability (2.5.4)
  - AFNetworking/Security (2.5.4)
  - AFNetworking/Serialization (2.5.4)
  - AFNetworking/UIKit (2.5.4):
    - AFNetworking/NSURLConnection
    - AFNetworking/NSURLSession
  - HTMLReader (0.8)
  - RESideMenu (4.0.7)

DEPENDENCIES:
  - AFNetworking (~> 2.0)
  - HTMLReader
  - RESideMenu (~> 4.0.7)

SPEC CHECKSUMS:
  AFNetworking: 05edc0ac4c4c8cf57bcf4b84be5b0744b6d8e71e
  HTMLReader: b4d19899a242c02e1ce4a2308584fe2a6bcb6f6b
  RESideMenu: f24c508404b49c667344c54aba7e590883533958

COCOAPODS: 0.36.3
